
Microsoft Visual Studio Solution File, Format Version 12.00
# Visual Studio Version 17
VisualStudioVersion = 17.7.34031.279
MinimumVisualStudioVersion = 10.0.40219.1
Project("{FAE04EC0-301F-11D3-BF4B-00C04F79EFBC}") = "Epicode_S3_L3_BackEnd", "Epicode_S3_L3_BackEnd\Epicode_S3_L3_BackEnd.csproj", "{21D3DCBC-917F-46F5-BF3E-60DEFC70581D}"
EndProject
Global
	GlobalSection(SolutionConfigurationPlatforms) = preSolution
		Debug|Any CPU = Debug|Any CPU
		Release|Any CPU = Release|Any CPU
	EndGlobalSection
	GlobalSection(ProjectConfigurationPlatforms) = postSolution
		{21D3DCBC-917F-46F5-BF3E-60DEFC70581D}.Debug|Any CPU.ActiveCfg = Debug|Any CPU
		{21D3DCBC-917F-46F5-BF3E-60DEFC70581D}.Debug|Any CPU.Build.0 = Debug|Any CPU
		{21D3DCBC-917F-46F5-BF3E-60DEFC70581D}.Release|Any CPU.ActiveCfg = Release|Any CPU
		{21D3DCBC-917F-46F5-BF3E-60DEFC70581D}.Release|Any CPU.Build.0 = Release|Any CPU
	EndGlobalSection
	GlobalSection(SolutionProperties) = preSolution
		HideSolutionNode = FALSE
	EndGlobalSection
	GlobalSection(ExtensibilityGlobals) = postSolution
		SolutionGuid = {933B136E-0BDA-4D39-90DF-9FEF60688EFB}
	EndGlobalSection
EndGlobal
